# @generated - this file is auto-generated by `mise lock` https://mise.jdx.dev/dev-tools/mise-lock.html

[[tools.actionlint]]
version = "1.7.12"
backend = "aqua:rhysd/actionlint"

[tools.actionlint."platforms.linux-arm64"]
checksum = "sha256:325e971b6ba9bfa504672e29be93c24981eeb1c07576d730e9f7c8805afff0c6"
url = "https://github.com/rhysd/actionlint/releases/download/v1.7.12/actionlint_1.7.12_linux_arm64.tar.gz"
provenance = "github-attestations"

[tools.actionlint."platforms.linux-arm64-musl"]
checksum = "sha256:325e971b6ba9bfa504672e29be93c24981eeb1c07576d730e9f7c8805afff0c6"
url = "https://github.com/rhysd/actionlint/releases/download/v1.7.12/actionlint_1.7.12_linux_arm64.tar.gz"
provenance = "github-attestations"

[tools.actionlint."platforms.linux-x64"]
checksum = "sha256:8aca8db96f1b94770f1b0d72b6dddcb1ebb8123cb3712530b08cc387b349a3d8"
url = "https://github.com/rhysd/actionlint/releases/download/v1.7.12/actionlint_1.7.12_linux_amd64.tar.gz"
provenance = "github-attestations"

[tools.actionlint."platforms.linux-x64-musl"]
checksum = "sha256:8aca8db96f1b94770f1b0d72b6dddcb1ebb8123cb3712530b08cc387b349a3d8"
url = "https://github.com/rhysd/actionlint/releases/download/v1.7.12/actionlint_1.7.12_linux_amd64.tar.gz"
provenance = "github-attestations"

[tools.actionlint."platforms.macos-arm64"]
checksum = "sha256:aba9ced2dee8d27fecca3dc7feb1a7f9a52caefa1eb46f3271ea66b6e0e6953f"
url = "https://github.com/rhysd/actionlint/releases/download/v1.7.12/actionlint_1.7.12_darwin_arm64.tar.gz"
provenance = "github-attestations"

[tools.actionlint."platforms.macos-x64"]
checksum = "sha256:5b44c3bc2255115c9b69e30efc0fecdf498fdb63c5d58e17084fd5f16324c644"
url = "https://github.com/rhysd/actionlint/releases/download/v1.7.12/actionlint_1.7.12_darwin_amd64.tar.gz"
provenance = "github-attestations"

[tools.actionlint."platforms.windows-x64"]
checksum = "sha256:6e7241b51e6817ea6a047693d8e6fed13b31819c9a0dd6c5a726e1592d22f6e9"
url = "https://github.com/rhysd/actionlint/releases/download/v1.7.12/actionlint_1.7.12_windows_amd64.zip"
provenance = "github-attestations"

[[tools.gh]]
version = "2.89.0"
backend = "aqua:cli/cli"

[tools.gh."platforms.linux-arm64"]
checksum = "sha256:9e64a623dfc242990aa5d9b3f507111149c4282f66b68eaad1dc79eeb13b9ce5"
url = "https://github.com/cli/cli/releases/download/v2.89.0/gh_2.89.0_linux_arm64.tar.gz"
provenance = "github-attestations"

[tools.gh."platforms.linux-arm64-musl"]
checksum = "sha256:9e64a623dfc242990aa5d9b3f507111149c4282f66b68eaad1dc79eeb13b9ce5"
url = "https://github.com/cli/cli/releases/download/v2.89.0/gh_2.89.0_linux_arm64.tar.gz"
provenance = "github-attestations"

[tools.gh."platforms.linux-x64"]
checksum = "sha256:d0422caade520530e76c1c558da47daebaa8e1203d6b7ff10ad7d6faba3490d8"
url = "https://github.com/cli/cli/releases/download/v2.89.0/gh_2.89.0_linux_amd64.tar.gz"
provenance = "github-attestations"

[tools.gh."platforms.linux-x64-musl"]
checksum = "sha256:d0422caade520530e76c1c558da47daebaa8e1203d6b7ff10ad7d6faba3490d8"
url = "https://github.com/cli/cli/releases/download/v2.89.0/gh_2.89.0_linux_amd64.tar.gz"
provenance = "github-attestations"

[tools.gh."platforms.macos-arm64"]
checksum = "sha256:2423d02ec0a2094898c378703a1b28a5846c08700f87461363857cb8cb3fda94"
url = "https://github.com/cli/cli/releases/download/v2.89.0/gh_2.89.0_macOS_arm64.zip"
provenance = "github-attestations"

[tools.gh."platforms.macos-x64"]
checksum = "sha256:862e21cac6a71f81e7cd6e5127e3cd344f8537441ad2db94cd208319dd17b6e9"
url = "https://github.com/cli/cli/releases/download/v2.89.0/gh_2.89.0_macOS_amd64.zip"
provenance = "github-attestations"

[tools.gh."platforms.windows-x64"]
checksum = "sha256:f3326f6406c98c99701b257d77e2b040eedf83d0176c2c2e9809aa339ceb467e"
url = "https://github.com/cli/cli/releases/download/v2.89.0/gh_2.89.0_windows_amd64.zip"
provenance = "github-attestations"

[[tools.git-cliff]]
version = "2.12.0"
backend = "aqua:orhun/git-cliff"

[[tools.go]]
version = "1.26.1"
backend = "core:go"

[tools.go."platforms.linux-arm64"]
checksum = "sha256:a290581cfe4fe28ddd737dde3095f3dbeb7f2e4065cab4eae44dfc53b760c2f7"
url = "https://dl.google.com/go/go1.26.1.linux-arm64.tar.gz"

[tools.go."platforms.linux-arm64-musl"]
checksum = "sha256:a290581cfe4fe28ddd737dde3095f3dbeb7f2e4065cab4eae44dfc53b760c2f7"
url = "https://dl.google.com/go/go1.26.1.linux-arm64.tar.gz"

[tools.go."platforms.linux-x64"]
checksum = "sha256:031f088e5d955bab8657ede27ad4e3bc5b7c1ba281f05f245bcc304f327c987a"
url = "https://dl.google.com/go/go1.26.1.linux-amd64.tar.gz"

[tools.go."platforms.linux-x64-musl"]
checksum = "sha256:031f088e5d955bab8657ede27ad4e3bc5b7c1ba281f05f245bcc304f327c987a"
url = "https://dl.google.com/go/go1.26.1.linux-amd64.tar.gz"

[tools.go."platforms.macos-arm64"]
checksum = "sha256:353df43a7811ce284c8938b5f3c7df40b7bfb6f56cb165b150bc40b5e2dd541f"
url = "https://dl.google.com/go/go1.26.1.darwin-arm64.tar.gz"

[tools.go."platforms.macos-x64"]
checksum = "sha256:65773dab2f8cc4cd23d93ba6d0a805de150ca0b78378879292be0b903b8cdd08"
url = "https://dl.google.com/go/go1.26.1.darwin-amd64.tar.gz"

[tools.go."platforms.windows-x64"]
checksum = "sha256:9b68112c913f45b7aebbf13c036721264bbba7e03a642f8f7490c561eebd1ecc"
url = "https://dl.google.com/go/go1.26.1.windows-amd64.zip"

[[tools.golangci-lint]]
version = "2.11.4"
backend = "aqua:golangci/golangci-lint"

[tools.golangci-lint."platforms.linux-arm64"]
checksum = "sha256:3bcfa2e6f3d32b2bf5cd75eaa876447507025e0303698633f722a05331988db4"
url = "https://github.com/golangci/golangci-lint/releases/download/v2.11.4/golangci-lint-2.11.4-linux-arm64.tar.gz"
provenance = "github-attestations"

[tools.golangci-lint."platforms.linux-arm64-musl"]
checksum = "sha256:3bcfa2e6f3d32b2bf5cd75eaa876447507025e0303698633f722a05331988db4"
url = "https://github.com/golangci/golangci-lint/releases/download/v2.11.4/golangci-lint-2.11.4-linux-arm64.tar.gz"
provenance = "github-attestations"

[tools.golangci-lint."platforms.linux-x64"]
checksum = "sha256:200c5b7503f67b59a6743ccf32133026c174e272b930ee79aa2aa6f37aca7ef1"
url = "https://github.com/golangci/golangci-lint/releases/download/v2.11.4/golangci-lint-2.11.4-linux-amd64.tar.gz"
provenance = "github-attestations"

[tools.golangci-lint."platforms.linux-x64-musl"]
checksum = "sha256:200c5b7503f67b59a6743ccf32133026c174e272b930ee79aa2aa6f37aca7ef1"
url = "https://github.com/golangci/golangci-lint/releases/download/v2.11.4/golangci-lint-2.11.4-linux-amd64.tar.gz"
provenance = "github-attestations"

[tools.golangci-lint."platforms.macos-arm64"]
checksum = "sha256:02db2a2dae8b26812e53b0688a6f617e3ef1f489790e829ea22862cf76945675"
url = "https://github.com/golangci/golangci-lint/releases/download/v2.11.4/golangci-lint-2.11.4-darwin-arm64.tar.gz"
provenance = "github-attestations"

[tools.golangci-lint."platforms.macos-x64"]
checksum = "sha256:c900d4048db75d1edfd550fd11cf6a9b3008e7caa8e119fcddbc700412d63e60"
url = "https://github.com/golangci/golangci-lint/releases/download/v2.11.4/golangci-lint-2.11.4-darwin-amd64.tar.gz"
provenance = "github-attestations"

[tools.golangci-lint."platforms.windows-x64"]
checksum = "sha256:4932cfca5e75bf60fe1c576edf459e5e809e6644664a068185d64b84af3fad9e"
url = "https://github.com/golangci/golangci-lint/releases/download/v2.11.4/golangci-lint-2.11.4-windows-amd64.zip"
provenance = "github-attestations"

[[tools.gotestsum]]
version = "1.13.0"
backend = "aqua:gotestyourself/gotestsum"
